
Microsoft Visual Studio Solution File, Format Version 12.00
# Visual Studio Version 16
VisualStudioVersion = 16.0.30523.141
MinimumVisualStudioVersion = 10.0.40219.1
Project("{FAE04EC0-301F-11D3-BF4B-00C04F79EFBC}") = "NotificationSystemMVC", "NotificationSystemMVC\NotificationSystemMVC.csproj", "{A7581D71-FB9C-4376-8805-DA1E25BD90C7}"
EndProject
Global
	GlobalSection(SolutionConfigurationPlatforms) = preSolution
		Debug|Any CPU = Debug|Any CPU
		Release|Any CPU = Release|Any CPU
	EndGlobalSection
	GlobalSection(ProjectConfigurationPlatforms) = postSolution
		{A7581D71-FB9C-4376-8805-DA1E25BD90C7}.Debug|Any CPU.ActiveCfg = Debug|Any CPU
		{A7581D71-FB9C-4376-8805-DA1E25BD90C7}.Debug|Any CPU.Build.0 = Debug|Any CPU
		{A7581D71-FB9C-4376-8805-DA1E25BD90C7}.Release|Any CPU.ActiveCfg = Release|Any CPU
		{A7581D71-FB9C-4376-8805-DA1E25BD90C7}.Release|Any CPU.Build.0 = Release|Any CPU
	EndGlobalSection
	GlobalSection(SolutionProperties) = preSolution
		HideSolutionNode = FALSE
	EndGlobalSection
	GlobalSection(ExtensibilityGlobals) = postSolution
		SolutionGuid = {3A5B5C59-18DB-4EE6-B54A-BED041CD86A0}
	EndGlobalSection
EndGlobal
